Microsoft Visual Studio Solution File, Format Version 12.00
# Visual Studio Version 17
VisualStudioVersion = 17.5.2.0
MinimumVisualStudioVersion = 10.0.40219.1
Project("{FAE04EC0-301F-11D3-BF4B-00C04F79EFBC}") = "Run_Field", "Run_Field\Run_Field.csproj", "{07A26492-50A3-3F3D-DEF0-A556718D0FD5}"
EndProject
Global
	GlobalSection(SolutionConfigurationPlatforms) = preSolution
		Debug|Any CPU = Debug|Any CPU
		Release|Any CPU = Release|Any CPU
	EndGlobalSection
	GlobalSection(ProjectConfigurationPlatforms) = postSolution
		{07A26492-50A3-3F3D-DEF0-A556718D0FD5}.Debug|Any CPU.ActiveCfg = Debug|Any CPU
		{07A26492-50A3-3F3D-DEF0-A556718D0FD5}.Debug|Any CPU.Build.0 = Debug|Any CPU
		{07A26492-50A3-3F3D-DEF0-A556718D0FD5}.Release|Any CPU.ActiveCfg = Release|Any CPU
		{07A26492-50A3-3F3D-DEF0-A556718D0FD5}.Release|Any CPU.Build.0 = Release|Any CPU
	EndGlobalSection
	GlobalSection(SolutionProperties) = preSolution
		HideSolutionNode = FALSE
	EndGlobalSection
	GlobalSection(ExtensibilityGlobals) = postSolution
		SolutionGuid = {087C45D1-3D3F-40C6-BC1B-57718D19CC1C}
	EndGlobalSection
EndGlobal
